// !$*UTF8*$!
{
	archiveVersion = 1;
	classes = {
	};
	objectVersion = 50;
	objects = {

/* Begin PBXBuildFile section */
		A861B8D0269F86260041C50F /* AppDelegate.swift in Sources */ = {isa = PBXBuildFile; fileRef = A861B8CF269F86260041C50F /* AppDelegate.swift */; };
		A861B8D2269F86260041C50F /* SceneDelegate.swift in Sources */ = {isa = PBXBuildFile; fileRef = A861B8D1269F86260041C50F /* SceneDelegate.swift */; };
		A861B8D4269F86260041C50F /* ViewController.swift in Sources */ = {isa = PBXBuildFile; fileRef = A861B8D3269F86260041C50F /* ViewController.swift */; };
		A861B8D7269F86260041C50F /* Main.storyboard in Resources */ = {isa = PBXBuildFile; fileRef = A861B8D5269F86260041C50F /* Main.storyboard */; };
		A861B8D9269F86270041C50F /* Assets.xcassets in Resources */ = {isa = PBXBuildFile; fileRef = A861B8D8269F86270041C50F /* Assets.xcassets */; };
		A861B8DC269F86270041C50F /* LaunchScreen.storyboard in Resources */ = {isa = PBXBuildFile; fileRef = A861B8DA269F86270041C50F /* LaunchScreen.storyboard */; };
		A861B8E7269F86270041C50F /* AllAboutMe2Tests.swift in Sources */ = {isa = PBXBuildFile; fileRef = A861B8E6269F86270041C50F /* AllAboutMe2Tests.swift */; };
		A861B8F2269F86270041C50F /* AllAboutMe2UITests.swift in Sources */ = {isa = PBXBuildFile; fileRef = A861B8F1269F86270041C50F /* AllAboutMe2UITests.swift */; };
/* End PBXBuildFile section */

/* Begin PBXContainerItemProxy section */
		A861B8E3269F86270041C50F /* PBXContainerItemProxy */ = {
			isa = PBXContainerItemProxy;
			containerPortal = A861B8C4269F86260041C50F /* Project object */;
			proxyType = 1;
			remoteGlobalIDString = A861B8CB269F86260041C50F;
			remoteInfo = AllAboutMe2;
		};
		A861B8EE269F86270041C50F /* PBXContainerItemProxy */ = {
			isa = PBXContainerItemProxy;
			containerPortal = A861B8C4269F86260041C50F /* Project object */;
			proxyType = 1;
			remoteGlobalIDString = A861B8CB269F86260041C50F;
			remoteInfo = AllAboutMe2;
		};
/* End PBXContainerItemProxy section */

/* Begin PBXFileReference section */
		A861B8CC269F86260041C50F /* AllAboutMe2.app */ = {isa = PBXFileReference; explicitFileType = wrapper.application; includeInIndex = 0; path = AllAboutMe2.app; sourceTree = BUILT_PRODUCTS_DIR; };
		A861B8CF269F86260041C50F /* AppDelegate.swift */ = {isa = PBXFileReference; lastKnownFileType = sourcecode.swift; path = AppDelegate.swift; sourceTree = "<group>"; };
		A861B8D1269F86260041C50F /* SceneDelegate.swift */ = {isa = PBXFileReference; lastKnownFileType = sourcecode.swift; path = SceneDelegate.swift; sourceTree = "<group>"; };
		A861B8D3269F86260041C50F /* ViewController.swift */ = {isa = PBXFileReference; lastKnownFileType = sourcecode.swift; path = ViewController.swift; sourceTree = "<group>"; };
		A861B8D6269F86260041C50F /* Base */ = {isa = PBXFileReference; lastKnownFileType = file.storyboard; name = Base; path = Base.lproj/Main.storyboard; sourceTree = "<group>"; };
		A861B8D8269F86270041C50F /* Assets.xcassets */ = {isa = PBXFileReference; lastKnownFileType = folder.assetcatalog; path = Assets.xcassets; sourceTree = "<group>"; };
		A861B8DB269F86270041C50F /* Base */ = {isa = PBXFileReference; lastKnownFileType = file.storyboard; name = Base; path = Base.lproj/LaunchScreen.storyboard; sourceTree = "<group>"; };
		A861B8DD269F86270041C50F /* Info.plist */ = {isa = PBXFileReference; lastKnownFileType = text.plist.xml; path = Info.plist; sourceTree = "<group>"; };
		A861B8E2269F86270041C50F /* AllAboutMe2Tests.xctest */ = {isa = PBXFileReference; explicitFileType = wrapper.cfbundle; includeInIndex = 0; path = AllAboutMe2Tests.xctest; sourceTree = BUILT_PRODUCTS_DIR; };
		A861B8E6269F86270041C50F /* AllAboutMe2Tests.swift */ = {isa = PBXFileReference; lastKnownFileType = sourcecode.swift; path = AllAboutMe2Tests.swift; sourceTree = "<group>"; };
		A861B8E8269F86270041C50F /* Info.plist */ = {isa = PBXFileReference; lastKnownFileType = text.plist.xml; path = Info.plist; sourceTree = "<group>"; };
		A861B8ED269F86270041C50F /* AllAboutMe2UITests.xctest */ = {isa = PBXFileReference; explicitFileType = wrapper.cfbundle; includeInIndex = 0; path = AllAboutMe2UITests.xctest; sourceTree = BUILT_PRODUCTS_DIR; };
		A861B8F1269F86270041C50F /* AllAboutMe2UITests.swift */ = {isa = PBXFileReference; lastKnownFileType = sourcecode.swift; path = AllAboutMe2UITests.swift; sourceTree = "<group>"; };
		A861B8F3269F86270041C50F /* Info.plist */ = {isa = PBXFileReference; lastKnownFileType = text.plist.xml; path = Info.plist; sourceTree = "<group>"; };
/* End PBXFileReference section */

/* Begin PBXFrameworksBuildPhase section */
		A861B8C9269F86260041C50F /* Frameworks */ = {
			isa = PBXFrameworksBuildPhase;
			buildActionMask = 2147483647;
			files = (
			);
			runOnlyForDeploymentPostprocessing = 0;
		};
		A861B8DF269F86270041C50F /* Frameworks */ = {
			isa = PBXFrameworksBuildPhase;
			buildActionMask = 2147483647;
			files = (
			);
			runOnlyForDeploymentPostprocessing = 0;
		};
		A861B8EA269F86270041C50F /* Frameworks */ = {
			isa = PBXFrameworksBuildPhase;
			buildActionMask = 2147483647;
			files = (
			);
			runOnlyForDeploymentPostprocessing = 0;
		};
/* End PBXFrameworksBuildPhase section */

/* Begin PBXGroup section */
		A861B8C3269F86260041C50F = {
			isa = PBXGroup;
			children = (
				A861B8CE269F86260041C50F /* AllAboutMe2 */,
				A861B8E5269F86270041C50F /* AllAboutMe2Tests */,
				A861B8F0269F86270041C50F /* AllAboutMe2UITests */,
				A861B8CD269F86260041C50F /* Products */,
			);
			sourceTree = "<group>";
		};
		A861B8CD269F86260041C50F /* Products */ = {
			isa = PBXGroup;
			children = (
				A861B8CC269F86260041C50F /* AllAboutMe2.app */,
				A861B8E2269F86270041C50F /* AllAboutMe2Tests.xctest */,
				A861B8ED269F86270041C50F /* AllAboutMe2UITests.xctest */,
			);
			name = Products;
			sourceTree = "<group>";
		};
		A861B8CE269F86260041C50F /* AllAboutMe2 */ = {
			isa = PBXGroup;
			children = (
				A861B8CF269F86260041C50F /* AppDelegate.swift */,
				A861B8D1269F86260041C50F /* SceneDelegate.swift */,
				A861B8D3269F86260041C50F /* ViewController.swift */,
				A861B8D5269F86260041C50F /* Main.storyboard */,
				A861B8D8269F86270041C50F /* Assets.xcassets */,
				A861B8DA269F86270041C50F /* LaunchScreen.storyboard */,
				A861B8DD269F86270041C50F /* Info.plist */,
			);
			path = AllAboutMe2;
			sourceTree = "<group>";
		};
		A861B8E5269F86270041C50F /* AllAboutMe2Tests */ = {
			isa = PBXGroup;
			children = (
				A861B8E6269F86270041C50F /* AllAboutMe2Tests.swift */,
				A861B8E8269F86270041C50F /* Info.plist */,
			);
			path = AllAboutMe2Tests;
			sourceTree = "<group>";
		};
		A861B8F0269F86270041C50F /* AllAboutMe2UITests */ = {
			isa = PBXGroup;
			children = (
				A861B8F1269F86270041C50F /* AllAboutMe2UITests.swift */,
				A861B8F3269F86270041C50F /* Info.plist */,
			);
			path = AllAboutMe2UITests;
			sourceTree = "<group>";
		};
/* End PBXGroup section */

/* Begin PBXNativeTarget section */
		A861B8CB269F86260041C50F /* AllAboutMe2 */ = {
			isa = PBXNativeTarget;
			buildConfigurationList = A861B8F6269F86270041C50F /* Build configuration list for PBXNativeTarget "AllAboutMe2" */;
			buildPhases = (
				A861B8C8269F86260041C50F /* Sources */,
				A861B8C9269F86260041C50F /* Frameworks */,
				A861B8CA269F86260041C50F /* Resources */,
			);
			buildRules = (
			);
			dependencies = (
			);
			name = AllAboutMe2;
			productName = AllAboutMe2;
			productReference = A861B8CC269F86260041C50F /* AllAboutMe2.app */;
			productType = "com.apple.product-type.application";
		};
		A861B8E1269F86270041C50F /* AllAboutMe2Tests */ = {
			isa = PBXNativeTarget;
			buildConfigurationList = A861B8F9269F86270041C50F /* Build configuration list for PBXNativeTarget "AllAboutMe2Tests" */;
			buildPhases = (
				A861B8DE269F86270041C50F /* Sources */,
				A861B8DF269F86270041C50F /* Frameworks */,
				A861B8E0269F86270041C50F /* Resources */,
			);
			buildRules = (
			);
			dependencies = (
				A861B8E4269F86270041C50F /* PBXTargetDependency */,
			);
			name = AllAboutMe2Tests;
			productName = AllAboutMe2Tests;
			productReference = A861B8E2269F86270041C50F /* AllAboutMe2Tests.xctest */;
			productType = "com.apple.product-type.bundle.unit-test";
		};
		A861B8EC269F86270041C50F /* AllAboutMe2UITests */ = {
			isa = PBXNativeTarget;
			buildConfigurationList = A861B8FC269F86270041C50F /* Build configuration list for PBXNativeTarget "AllAboutMe2UITests" */;
			buildPhases = (
				A861B8E9269F86270041C50F /* Sources */,
				A861B8EA269F86270041C50F /* Frameworks */,
				A861B8EB269F86270041C50F /* Resources */,
			);
			buildRules = (
			);
			dependencies = (
				A861B8EF269F86270041C50F /* PBXTargetDependency */,
			);
			name = AllAboutMe2UITests;
			productName = AllAboutMe2UITests;
			productReference = A861B8ED269F86270041C50F /* AllAboutMe2UITests.xctest */;
			productType = "com.apple.product-type.bundle.ui-testing";
		};
/* End PBXNativeTarget section */

/* Begin PBXProject section */
		A861B8C4269F86260041C50F /* Project object */ = {
			isa = PBXProject;
			attributes = {
				LastSwiftUpdateCheck = 1250;
				LastUpgradeCheck = 1250;
				TargetAttributes = {
					A861B8CB269F86260041C50F = {
						CreatedOnToolsVersion = 12.5;
					};
					A861B8E1269F86270041C50F = {
						CreatedOnToolsVersion = 12.5;
						TestTargetID = A861B8CB269F86260041C50F;
					};
					A861B8EC269F86270041C50F = {
						CreatedOnToolsVersion = 12.5;
						TestTargetID = A861B8CB269F86260041C50F;
					};
				};
			};
			buildConfigurationList = A861B8C7269F86260041C50F /* Build configuration list for PBXProject "AllAboutMe2" */;
			compatibilityVersion = "Xcode 9.3";
			developmentRegion = en;
			hasScannedForEncodings = 0;
			knownRegions = (
				en,
				Base,
			);
			mainGroup = A861B8C3269F86260041C50F;
			productRefGroup = A861B8CD269F86260041C50F /* Products */;
			projectDirPath = "";
			projectRoot = "";
			targets = (
				A861B8CB269F86260041C50F /* AllAboutMe2 */,
				A861B8E1269F86270041C50F /* AllAboutMe2Tests */,
				A861B8EC269F86270041C50F /* AllAboutMe2UITests */,
			);
		};
/* End PBXProject section */

/* Begin PBXResourcesBuildPhase section */
		A861B8CA269F86260041C50F /* Resources */ = {
			isa = PBXResourcesBuildPhase;
			buildActionMask = 2147483647;
			files = (
				A861B8DC269F86270041C50F /* LaunchScreen.storyboard in Resources */,
				A861B8D9269F86270041C50F /* Assets.xcassets in Resources */,
				A861B8D7269F86260041C50F /* Main.storyboard in Resources */,
			);
			runOnlyForDeploymentPostprocessing = 0;
		};
		A861B8E0269F86270041C50F /* Resources */ = {
			isa = PBXResourcesBuildPhase;
			buildActionMask = 2147483647;
			files = (
			);
			runOnlyForDeploymentPostprocessing = 0;
		};
		A861B8EB269F86270041C50F /* Resources */ = {
			isa = PBXResourcesBuildPhase;
			buildActionMask = 2147483647;
			files = (
			);
			runOnlyForDeploymentPostprocessing = 0;
		};
/* End PBXResourcesBuildPhase section */

/* Begin PBXSourcesBuildPhase section */
		A861B8C8269F86260041C50F /* Sources */ = {
			isa = PBXSourcesBuildPhase;
			buildActionMask = 2147483647;
			files = (
				A861B8D4269F86260041C50F /* ViewController.swift in Sources */,
				A861B8D0269F86260041C50F /* AppDelegate.swift in Sources */,
				A861B8D2269F86260041C50F /* SceneDelegate.swift in Sources */,
			);
			runOnlyForDeploymentPostprocessing = 0;
		};
		A861B8DE269F86270041C50F /* Sources */ = {
			isa = PBXSourcesBuildPhase;
			buildActionMask = 2147483647;
			files = (
				A861B8E7269F86270041C50F /* AllAboutMe2Tests.swift in Sources */,
			);
			runOnlyForDeploymentPostprocessing = 0;
		};
		A861B8E9269F86270041C50F /* Sources */ = {
			isa = PBXSourcesBuildPhase;
			buildActionMask = 2147483647;
			files = (
				A861B8F2269F86270041C50F /* AllAboutMe2UITests.swift in Sources */,
			);
			runOnlyForDeploymentPostprocessing = 0;
		};
/* End PBXSourcesBuildPhase section */

/* Begin PBXTargetDependency section */
		A861B8E4269F86270041C50F /* PBXTargetDependency */ = {
			isa = PBXTargetDependency;
			target = A861B8CB269F86260041C50F /* AllAboutMe2 */;
			targetProxy = A861B8E3269F86270041C50F /* PBXContainerItemProxy */;
		};
		A861B8EF269F86270041C50F /* PBXTargetDependency */ = {
			isa = PBXTargetDependency;
			target = A861B8CB269F86260041C50F /* AllAboutMe2 */;
			targetProxy = A861B8EE269F86270041C50F /* PBXContainerItemProxy */;
		};
/* End PBXTargetDependency section */

/* Begin PBXVariantGroup section */
		A861B8D5269F86260041C50F /* Main.storyboard */ = {
			isa = PBXVariantGroup;
			children = (
				A861B8D6269F86260041C50F /* Base */,
			);
			name = Main.storyboard;
			sourceTree = "<group>";
		};
		A861B8DA269F86270041C50F /* LaunchScreen.storyboard */ = {
			isa = PBXVariantGroup;
			children = (
				A861B8DB269F86270041C50F /* Base */,
			);
			name = LaunchScreen.storyboard;
			sourceTree = "<group>";
		};
/* End PBXVariantGroup section */

/* Begin XCBuildConfiguration section */
		A861B8F4269F86270041C50F /* Debug */ = {
			isa = XCBuildConfiguration;
			buildSettings = {
				ALWAYS_SEARCH_USER_PATHS = NO;
				CLANG_ANALYZER_NONNULL = YES;
				CLANG_ANALYZER_NUMBER_OBJECT_CONVERSION = YES_AGGRESSIVE;
				CLANG_CXX_LANGUAGE_STANDARD = "gnu++14";
				CLANG_CXX_LIBRARY = "libc++";
				CLANG_ENABLE_MODULES = YES;
				CLANG_ENABLE_OBJC_ARC = YES;
				CLANG_ENABLE_OBJC_WEAK = YES;
				CLANG_WARN_BLOCK_CAPTURE_AUTORELEASING = YES;
				CLANG_WARN_BOOL_CONVERSION = YES;
				CLANG_WARN_COMMA = YES;
				CLANG_WARN_CONSTANT_CONVERSION = YES;
				CLANG_WARN_DEPRECATED_OBJC_IMPLEMENTATIONS = YES;
				CLANG_WARN_DIRECT_OBJC_ISA_USAGE = YES_ERROR;
				CLANG_WARN_DOCUMENTATION_COMMENTS = YES;
				CLANG_WARN_EMPTY_BODY = YES;
				CLANG_WARN_ENUM_CONVERSION = YES;
				CLANG_WARN_INFINITE_RECURSION = YES;
				CLANG_WARN_INT_CONVERSION = YES;
				CLANG_WARN_NON_LITERAL_NULL_CONVERSION = YES;
				CLANG_WARN_OBJC_IMPLICIT_RETAIN_SELF = YES;
				CLANG_WARN_OBJC_LITERAL_CONVERSION = YES;
				CLANG_WARN_OBJC_ROOT_CLASS = YES_ERROR;
				CLANG_WARN_QUOTED_INCLUDE_IN_FRAMEWORK_HEADER = YES;
				CLANG_WARN_RANGE_LOOP_ANALYSIS = YES;
				CLANG_WARN_STRICT_PROTOTYPES = YES;
				CLANG_WARN_SUSPICIOUS_MOVE = YES;
				CLANG_WARN_UNGUARDED_AVAILABILITY = YES_AGGRESSIVE;
				CLANG_WARN_UNREACHABLE_CODE = YES;
				CLANG_WARN__DUPLICATE_METHOD_MATCH = YES;
				COPY_PHASE_STRIP = NO;
				DEBUG_INFORMATION_FORMAT = dwarf;
				ENABLE_STRICT_OBJC_MSGSEND = YES;
				ENABLE_TESTABILITY = YES;
				GCC_C_LANGUAGE_STANDARD = gnu11;
				GCC_DYNAMIC_NO_PIC = NO;
				GCC_NO_COMMON_BLOCKS = YES;
				GCC_OPTIMIZATION_LEVEL = 0;
				GCC_PREPROCESSOR_DEFINITIONS = (
					"DEBUG=1",
					"$(inherited)",
				);
				GCC_WARN_64_TO_32_BIT_CONVERSION = YES;
				GCC_WARN_ABOUT_RETURN_TYPE = YES_ERROR;
				GCC_WARN_UNDECLARED_SELECTOR = YES;
				GCC_WARN_UNINITIALIZED_AUTOS = YES_AGGRESSIVE;
				GCC_WARN_UNUSED_FUNCTION = YES;
				GCC_WARN_UNUSED_VARIABLE = YES;
				IPHONEOS_DEPLOYMENT_TARGET = 14.5;
				MTL_ENABLE_DEBUG_INFO = INCLUDE_SOURCE;
				MTL_FAST_MATH = YES;
				ONLY_ACTIVE_ARCH = YES;
				SDKROOT = iphoneos;
				SWIFT_ACTIVE_COMPILATION_CONDITIONS = DEBUG;
				SWIFT_OPTIMIZATION_LEVEL = "-Onone";
			};
			name = Debug;
		};
		A861B8F5269F86270041C50F /* Release */ = {
			isa = XCBuildConfiguration;
			buildSettings = {
				ALWAYS_SEARCH_USER_PATHS = NO;
				CLANG_ANALYZER_NONNULL = YES;
				CLANG_ANALYZER_NUMBER_OBJECT_CONVERSION = YES_AGGRESSIVE;
				CLANG_CXX_LANGUAGE_STANDARD = "gnu++14";
				CLANG_CXX_LIBRARY = "libc++";
				CLANG_ENABLE_MODULES = YES;
				CLANG_ENABLE_OBJC_ARC = YES;
				CLANG_ENABLE_OBJC_WEAK = YES;
				CLANG_WARN_BLOCK_CAPTURE_AUTORELEASING = YES;
				CLANG_WARN_BOOL_CONVERSION = YES;
				CLANG_WARN_COMMA = YES;
				CLANG_WARN_CONSTANT_CONVERSION = YES;
				CLANG_WARN_DEPRECATED_OBJC_IMPLEMENTATIONS = YES;
				CLANG_WARN_DIRECT_OBJC_ISA_USAGE = YES_ERROR;
				CLANG_WARN_DOCUMENTATION_COMMENTS = YES;
				CLANG_WARN_EMPTY_BODY = YES;
				CLANG_WARN_ENUM_CONVERSION = YES;
				CLANG_WARN_INFINITE_RECURSION = YES;
				CLANG_WARN_INT_CONVERSION = YES;
				CLANG_WARN_NON_LITERAL_NULL_CONVERSION = YES;
				CLANG_WARN_OBJC_IMPLICIT_RETAIN_SELF = YES;
				CLANG_WARN_OBJC_LITERAL_CONVERSION = YES;
				CLANG_WARN_OBJC_ROOT_CLASS = YES_ERROR;
				CLANG_WARN_QUOTED_INCLUDE_IN_FRAMEWORK_HEADER = YES;
				CLANG_WARN_RANGE_LOOP_ANALYSIS = YES;
				CLANG_WARN_STRICT_PROTOTYPES = YES;
				CLANG_WARN_SUSPICIOUS_MOVE = YES;
				CLANG_WARN_UNGUARDED_AVAILABILITY = YES_AGGRESSIVE;
				CLANG_WARN_UNREACHABLE_CODE = YES;
				CLANG_WARN__DUPLICATE_METHOD_MATCH = YES;
				COPY_PHASE_STRIP = NO;
				DEBUG_INFORMATION_FORMAT = "dwarf-with-dsym";
				ENABLE_NS_ASSERTIONS = NO;
				ENABLE_STRICT_OBJC_MSGSEND = YES;
				GCC_C_LANGUAGE_STANDARD = gnu11;
				GCC_NO_COMMON_BLOCKS = YES;
				GCC_WARN_64_TO_32_BIT_CONVERSION = YES;
				GCC_WARN_ABOUT_RETURN_TYPE = YES_ERROR;
				GCC_WARN_UNDECLARED_SELECTOR = YES;
				GCC_WARN_UNINITIALIZED_AUTOS = YES_AGGRESSIVE;
				GCC_WARN_UNUSED_FUNCTION = YES;
				GCC_WARN_UNUSED_VARIABLE = YES;
				IPHONEOS_DEPLOYMENT_TARGET = 14.5;
				MTL_ENABLE_DEBUG_INFO = NO;
				MTL_FAST_MATH = YES;
				SDKROOT = iphoneos;
				SWIFT_COMPILATION_MODE = wholemodule;
				SWIFT_OPTIMIZATION_LEVEL = "-O";
				VALIDATE_PRODUCT = YES;
			};
			name = Release;
		};
		A861B8F7269F86270041C50F /* Debug */ = {
			isa = XCBuildConfiguration;
			buildSettings = {
				ASSETCATALOG_COMPILER_APPICON_NAME = AppIcon;
				ASSETCATALOG_COMPILER_GLOBAL_ACCENT_COLOR_NAME = AccentColor;
				CODE_SIGN_STYLE = Automatic;
				INFOPLIST_FILE = AllAboutMe2/Info.plist;
				LD_RUNPATH_SEARCH_PATHS = (
					"$(inherited)",
					"@executable_path/Frameworks",
				);
				PRODUCT_BUNDLE_IDENTIFIER = "Isabella-Solano.AllAboutMe2";
				PRODUCT_NAME = "$(TARGET_NAME)";
				SWIFT_VERSION = 5.0;
				TARGETED_DEVICE_FAMILY = "1,2";
			};
			name = Debug;
		};
		A861B8F8269F86270041C50F /* Release */ = {
			isa = XCBuildConfiguration;
			buildSettings = {
				ASSETCATALOG_COMPILER_APPICON_NAME = AppIcon;
				ASSETCATALOG_COMPILER_GLOBAL_ACCENT_COLOR_NAME = AccentColor;
				CODE_SIGN_STYLE = Automatic;
				INFOPLIST_FILE = AllAboutMe2/Info.plist;
				LD_RUNPATH_SEARCH_PATHS = (
					"$(inherited)",
					"@executable_path/Frameworks",
				);
				PRODUCT_BUNDLE_IDENTIFIER = "Isabella-Solano.AllAboutMe2";
				PRODUCT_NAME = "$(TARGET_NAME)";
				SWIFT_VERSION = 5.0;
				TARGETED_DEVICE_FAMILY = "1,2";
			};
			name = Release;
		};
		A861B8FA269F86270041C50F /* Debug */ = {
			isa = XCBuildConfiguration;
			buildSettings = {
				ALWAYS_EMBED_SWIFT_STANDARD_LIBRARIES = YES;
				BUNDLE_LOADER = "$(TEST_HOST)";
				CODE_SIGN_STYLE = Automatic;
				INFOPLIST_FILE = AllAboutMe2Tests/Info.plist;
				IPHONEOS_DEPLOYMENT_TARGET = 14.5;
				LD_RUNPATH_SEARCH_PATHS = (
					"$(inherited)",
					"@executable_path/Frameworks",
					"@loader_path/Frameworks",
				);
				PRODUCT_BUNDLE_IDENTIFIER = "Isabella-Solano.AllAboutMe2Tests";
				PRODUCT_NAME = "$(TARGET_NAME)";
				SWIFT_VERSION = 5.0;
				TARGETED_DEVICE_FAMILY = "1,2";
				TEST_HOST = "$(BUILT_PRODUCTS_DIR)/AllAboutMe2.app/AllAboutMe2";
			};
			name = Debug;
		};
		A861B8FB269F86270041C50F /* Release */ = {
			isa = XCBuildConfiguration;
			buildSettings = {
				ALWAYS_EMBED_SWIFT_STANDARD_LIBRARIES = YES;
				BUNDLE_LOADER = "$(TEST_HOST)";
				CODE_SIGN_STYLE = Automatic;
				INFOPLIST_FILE = AllAboutMe2Tests/Info.plist;
				IPHONEOS_DEPLOYMENT_TARGET = 14.5;
				LD_RUNPATH_SEARCH_PATHS = (
					"$(inherited)",
					"@executable_path/Frameworks",
					"@loader_path/Frameworks",
				);
				PRODUCT_BUNDLE_IDENTIFIER = "Isabella-Solano.AllAboutMe2Tests";
				PRODUCT_NAME = "$(TARGET_NAME)";
				SWIFT_VERSION = 5.0;
				TARGETED_DEVICE_FAMILY = "1,2";
				TEST_HOST = "$(BUILT_PRODUCTS_DIR)/AllAboutMe2.app/AllAboutMe2";
			};
			name = Release;
		};
		A861B8FD269F86270041C50F /* Debug */ = {
			isa = XCBuildConfiguration;
			buildSettings = {
				ALWAYS_EMBED_SWIFT_STANDARD_LIBRARIES = YES;
				CODE_SIGN_STYLE = Automatic;
				INFOPLIST_FILE = AllAboutMe2UITests/Info.plist;
				LD_RUNPATH_SEARCH_PATHS = (
					"$(inherited)",
					"@executable_path/Frameworks",
					"@loader_path/Frameworks",
				);
				PRODUCT_BUNDLE_IDENTIFIER = "Isabella-Solano.AllAboutMe2UITests";
				PRODUCT_NAME = "$(TARGET_NAME)";
				SWIFT_VERSION = 5.0;
				TARGETED_DEVICE_FAMILY = "1,2";
				TEST_TARGET_NAME = AllAboutMe2;
			};
			name = Debug;
		};
		A861B8FE269F86270041C50F /* Release */ = {
			isa = XCBuildConfiguration;
			buildSettings = {
				ALWAYS_EMBED_SWIFT_STANDARD_LIBRARIES = YES;
				CODE_SIGN_STYLE = Automatic;
				INFOPLIST_FILE = AllAboutMe2UITests/Info.plist;
				LD_RUNPATH_SEARCH_PATHS = (
					"$(inherited)",
					"@executable_path/Frameworks",
					"@loader_path/Frameworks",
				);
				PRODUCT_BUNDLE_IDENTIFIER = "Isabella-Solano.AllAboutMe2UITests";
				PRODUCT_NAME = "$(TARGET_NAME)";
				SWIFT_VERSION = 5.0;
				TARGETED_DEVICE_FAMILY = "1,2";
				TEST_TARGET_NAME = AllAboutMe2;
			};
			name = Release;
		};
/* End XCBuildConfiguration section */

/* Begin XCConfigurationList section */
		A861B8C7269F86260041C50F /* Build configuration list for PBXProject "AllAboutMe2" */ = {
			isa = XCConfigurationList;
			buildConfigurations = (
				A861B8F4269F86270041C50F /* Debug */,
				A861B8F5269F86270041C50F /* Release */,
			);
			defaultConfigurationIsVisible = 0;
			defaultConfigurationName = Release;
		};
		A861B8F6269F86270041C50F /* Build configuration list for PBXNativeTarget "AllAboutMe2" */ = {
			isa = XCConfigurationList;
			buildConfigurations = (
				A861B8F7269F86270041C50F /* Debug */,
				A861B8F8269F86270041C50F /* Release */,
			);
			defaultConfigurationIsVisible = 0;
			defaultConfigurationName = Release;
		};
		A861B8F9269F86270041C50F /* Build configuration list for PBXNativeTarget "AllAboutMe2Tests" */ = {
			isa = XCConfigurationList;
			buildConfigurations = (
				A861B8FA269F86270041C50F /* Debug */,
				A861B8FB269F86270041C50F /* Release */,
			);
			defaultConfigurationIsVisible = 0;
			defaultConfigurationName = Release;
		};
		A861B8FC269F86270041C50F /* Build configuration list for PBXNativeTarget "AllAboutMe2UITests" */ = {
			isa = XCConfigurationList;
			buildConfigurations = (
				A861B8FD269F86270041C50F /* Debug */,
				A861B8FE269F86270041C50F /* Release */,
			);
			defaultConfigurationIsVisible = 0;
			defaultConfigurationName = Release;
		};
/* End XCConfigurationList section */
	};
	rootObject = A861B8C4269F86260041C50F /* Project object */;
}
